{
  "locks": [
    {
      "type": "layer",
      "item": "layer:options",
      "url": "https://github.com/juju-solutions/layer-options.git",
      "vcs": null,
      "branch": "fcdcea4e5de3e1556c24e6704607862d0ba00a56",
      "commit": "fcdcea4e5de3e1556c24e6704607862d0ba00a56"
    },
    {
      "type": "layer",
      "item": "layer:basic",
      "url": "https://github.com/juju-solutions/layer-basic.git",
      "vcs": null,
      "branch": "7852b1138cff6c34d483479269e7682c687798e5",
      "commit": "7852b1138cff6c34d483479269e7682c687798e5"
    },
    {
      "type": "layer",
      "item": "layer:snap",
      "url": "https://git.launchpad.net/layer-snap",
      "vcs": null,
      "branch": "5c5d1b62efe1c8406c92043a52c719a7eee07156",
      "commit": "5c5d1b62efe1c8406c92043a52c719a7eee07156"
    },
    {
      "type": "layer",
      "item": "layer:leadership",
      "url": "https://git.launchpad.net/layer-leadership",
      "vcs": null,
      "branch": "cc5bd3f49b2fa5e6c3ab2336763c313ec8bf083f",
      "commit": "cc5bd3f49b2fa5e6c3ab2336763c313ec8bf083f"
    },
    {
      "type": "layer",
      "item": "vault",
      "url": null,
      "vcs": null,
      "branch": null,
      "commit": ""
    },
    {
      "type": "layer",
      "item": "interface:nrpe-external-master",
      "url": "https://github.com/canonical/nrpe-external-master-interface",
      "vcs": null,
      "branch": "c58fe7b01a151d933681b5bf67e47ad3de65eeaa",
      "commit": "c58fe7b01a151d933681b5bf67e47ad3de65eeaa"
    },
    {
      "type": "layer",
      "item": "interface:pgsql",
      "url": "https://git.launchpad.net/interface-pgsql",
      "vcs": null,
      "branch": "676b6422c5a4d328bdc47af894f4e44886bd7040",
      "commit": "676b6422c5a4d328bdc47af894f4e44886bd7040"
    },
    {
      "type": "layer",
      "item": "interface:mysql-shared",
      "url": "https://github.com/openstack/charm-interface-mysql-shared",
      "vcs": null,
      "branch": "f90f8c6edce21e4da3a872f0f9d6761730ce025d",
      "commit": "f90f8c6edce21e4da3a872f0f9d6761730ce025d"
    },
    {
      "type": "layer",
      "item": "interface:etcd",
      "url": "https://github.com/juju-solutions/interface-etcd",
      "vcs": null,
      "branch": "44f244cbd08b86bf2b68bd71c3fb34c7c070c382",
      "commit": "44f244cbd08b86bf2b68bd71c3fb34c7c070c382"
    },
    {
      "type": "layer",
      "item": "interface:hacluster",
      "url": "https://github.com/openstack/charm-interface-hacluster.git",
      "vcs": null,
      "branch": "d91e83a1fa59a13f4160febfe536c68dc762e436",
      "commit": "d91e83a1fa59a13f4160febfe536c68dc762e436"
    },
    {
      "type": "layer",
      "item": "interface:vault-kv",
      "url": "https://github.com/openstack-charmers/charm-interface-vault-kv.git",
      "vcs": null,
      "branch": "6f7848ccd50a84258269b81c2f9205f6441e26d0",
      "commit": "6f7848ccd50a84258269b81c2f9205f6441e26d0"
    },
    {
      "type": "layer",
      "item": "interface:tls-certificates",
      "url": "https://github.com/juju-solutions/interface-tls-certificates",
      "vcs": null,
      "branch": "671eee13d9f7d02b9862f8a3a3498b37c236fd60",
      "commit": "671eee13d9f7d02b9862f8a3a3498b37c236fd60"
    },
    {
      "type": "python_module",
      "package": "websocket_client",
      "vcs": null,
      "version": "1.9.0"
    },
    {
      "type": "python_module",
      "package": "hvac",
      "vcs": null,
      "version": "0.11.2"
    },
    {
      "type": "python_module",
      "package": "charms.openstack",
      "url": "git+https://github.com/openstack/charms.openstack.git",
      "branch": "stable/caracal",
      "version": "bd5a9552498d65ebd28809564e672e40b2d0ea95",
      "vcs": "git"
    },
    {
      "type": "python_module",
      "package": "ops",
      "vcs": null,
      "version": "3.7.1"
    },
    {
      "type": "python_module",
      "package": "charms_reactive",
      "vcs": null,
      "version": "1.5.3"
    },
    {
      "type": "python_module",
      "package": "packaging",
      "vcs": null,
      "version": "26.2"
    },
    {
      "type": "python_module",
      "package": "certifi",
      "vcs": null,
      "version": "2026.5.20"
    },
    {
      "type": "python_module",
      "package": "anyio",
      "vcs": null,
      "version": "3.6.2"
    },
    {
      "type": "python_module",
      "package": "opentelemetry_api",
      "vcs": null,
      "version": "1.42.1"
    },
    {
      "type": "python_module",
      "package": "tenacity",
      "vcs": null,
      "version": "9.1.4"
    },
    {
      "type": "python_module",
      "package": "psycopg2",
      "vcs": null,
      "version": "2.9.4"
    },
    {
      "type": "python_module",
      "package": "pip",
      "vcs": null,
      "version": "22.0.4"
    },
    {
      "type": "python_module",
      "package": "Cython",
      "vcs": null,
      "version": "0.29.37"
    },
    {
      "type": "python_module",
      "package": "setuptools",
      "vcs": null,
      "version": "68.2.2"
    },
    {
      "type": "python_module",
      "package": "six",
      "vcs": null,
      "version": "1.17.0"
    },
    {
      "type": "python_module",
      "package": "netifaces",
      "vcs": null,
      "version": "0.11.0"
    },
    {
      "type": "python_module",
      "package": "cached_property",
      "vcs": null,
      "version": "2.0.1"
    },
    {
      "type": "python_module",
      "package": "marshmallow-enum",
      "vcs": null,
      "version": "1.5.1"
    },
    {
      "type": "python_module",
      "package": "requests",
      "vcs": null,
      "version": "2.34.2"
    },
    {
      "type": "python_module",
      "package": "charset_normalizer",
      "vcs": null,
      "version": "3.4.7"
    },
    {
      "type": "python_module",
      "package": "typing_extensions",
      "vcs": null,
      "version": "4.15.0"
    },
    {
      "type": "python_module",
      "package": "netaddr",
      "vcs": null,
      "version": "0.7.19"
    },
    {
      "type": "python_module",
      "package": "pyyaml",
      "vcs": null,
      "version": "6.0.3"
    },
    {
      "type": "python_module",
      "package": "loadbalancer_interface",
      "vcs": null,
      "version": "1.2.1"
    },
    {
      "type": "python_module",
      "package": "flit_scm",
      "vcs": null,
      "version": "1.7.0"
    },
    {
      "type": "python_module",
      "package": "setuptools_scm",
      "vcs": null,
      "version": "6.4.2"
    },
    {
      "type": "python_module",
      "package": "idna",
      "vcs": null,
      "version": "3.18"
    },
    {
      "type": "python_module",
      "package": "MarkupSafe",
      "vcs": null,
      "version": "2.1.5"
    },
    {
      "type": "python_module",
      "package": "urllib3",
      "vcs": null,
      "version": "2.7.0"
    },
    {
      "type": "python_module",
      "package": "marshmallow",
      "vcs": null,
      "version": "3.26.2"
    },
    {
      "type": "python_module",
      "package": "sniffio",
      "vcs": null,
      "version": "1.3.0"
    },
    {
      "type": "python_module",
      "package": "psutil",
      "vcs": null,
      "version": "7.2.2"
    },
    {
      "type": "python_module",
      "package": "ops_reactive_interface",
      "vcs": null,
      "version": "1.1.0"
    },
    {
      "type": "python_module",
      "package": "tomli",
      "vcs": null,
      "version": "2.4.1"
    },
    {
      "type": "python_module",
      "package": "wheel",
      "vcs": null,
      "version": "0.47.0"
    },
    {
      "type": "python_module",
      "package": "charmhelpers",
      "url": "git+https://github.com/juju/charm-helpers.git",
      "branch": "stable/caracal",
      "version": "5ccef7c6bdeab43647d182e5bb04f5a495ec0a51",
      "vcs": "git"
    },
    {
      "type": "python_module",
      "package": "pyaml",
      "vcs": null,
      "version": "21.10.1"
    },
    {
      "type": "python_module",
      "package": "flit_core",
      "vcs": null,
      "version": "3.12.0"
    },
    {
      "type": "python_module",
      "package": "pbr",
      "vcs": null,
      "version": "7.0.3"
    },
    {
      "type": "python_module",
      "package": "jinja2",
      "vcs": null,
      "version": "3.1.6"
    }
  ]
}
